
Microsoft Visual Studio Solution File, Format Version 12.00
# Visual Studio Version 17
VisualStudioVersion = 17.5.002.0
MinimumVisualStudioVersion = 10.0.40219.1
Project("{9A19103F-16F7-4668-BE54-9A1E7A4F7556}") = "test_api", "test_api\test_api.csproj", "{FE84B9FD-3E3D-4433-AF19-F587820F1AA1}"
EndProject
Global
	GlobalSection(SolutionConfigurationPlatforms) = preSolution
		Debug|Any CPU = Debug|Any CPU
		Release|Any CPU = Release|Any CPU
	EndGlobalSection
	GlobalSection(ProjectConfigurationPlatforms) = postSolution
		{FE84B9FD-3E3D-4433-AF19-F587820F1AA1}.Debug|Any CPU.ActiveCfg = Debug|Any CPU
		{FE84B9FD-3E3D-4433-AF19-F587820F1AA1}.Debug|Any CPU.Build.0 = Debug|Any CPU
		{FE84B9FD-3E3D-4433-AF19-F587820F1AA1}.Release|Any CPU.ActiveCfg = Release|Any CPU
		{FE84B9FD-3E3D-4433-AF19-F587820F1AA1}.Release|Any CPU.Build.0 = Release|Any CPU
	EndGlobalSection
	GlobalSection(SolutionProperties) = preSolution
		HideSolutionNode = FALSE
	EndGlobalSection
	GlobalSection(ExtensibilityGlobals) = postSolution
		SolutionGuid = {CCADB634-FAB5-4689-896C-FBE2AD8420EB}
	EndGlobalSection
EndGlobal
